<?xml version="1.0" encoding="utf-8"?>
<Project ToolsVersion="4.0" xmlns="http://schemas.microsoft.com/developer/msbuild/2003">
  <ItemGroup>
    <Filter Include="Headers">
      <UniqueIdentifier>{e3a1fc4d-24c8-4df7-9e8a-7636d8a3b75d}</UniqueIdentifier>
    </Filter>
    <Filter Include="Sources">
      <UniqueIdentifier>{b560accf-78d8-48e7-9fcc-bfc44d9d6466}</UniqueIdentifier>
    </Filter>
    <Filter Include="Headers\BattleLog">
      <UniqueIdentifier>{5b2c5100-6693-429a-b6c9-69dbea02e614}</UniqueIdentifier>
    </Filter>
    <Filter Include="Sources\BattleLog">
      <UniqueIdentifier>{b4458bf3-ed6f-47ed-b5d0-46307acf077f}</UniqueIdentifier>
    </Filter>
  </ItemGroup>
  <ItemGroup>
    <ClInclude Include="AntFabric.h">
      <Filter>Headers</Filter>
    </ClInclude>
    <ClInclude Include="Battle.h">
      <Filter>Headers</Filter>
    </ClInclude>
    <ClInclude Include="Cell.h">
      <Filter>Headers</Filter>
    </ClInclude>
    <ClInclude Include="Config.h">
      <Filter>Headers</Filter>
    </ClInclude>
    <ClInclude Include="Direction.h">
      <Filter>Headers</Filter>
    </ClInclude>
    <ClInclude Include="Hardware.h">
      <Filter>Headers</Filter>
    </ClInclude>
    <ClInclude Include="Map.h">
      <Filter>Headers</Filter>
    </ClInclude>
    <ClInclude Include="Player.h">
      <Filter>Headers</Filter>
    </ClInclude>
    <ClInclude Include="Position.h">
      <Filter>Headers</Filter>
    </ClInclude>
    <ClInclude Include="Ant.h">
      <Filter>Headers</Filter>
    </ClInclude>
    <ClInclude Include="battlelog\BattleLogService.h">
      <Filter>Headers\BattleLog</Filter>
    </ClInclude>
    <ClInclude Include="battlelog\FileProvider.h">
      <Filter>Headers\BattleLog</Filter>
    </ClInclude>
    <ClInclude Include="battlelog\I_BattleLogProvider.h">
      <Filter>Headers\BattleLog</Filter>
    </ClInclude>
    <ClInclude Include="battlelog\TextScreenProvider.h">
      <Filter>Headers\BattleLog</Filter>
    </ClInclude>
    <ClInclude Include="MapMath.h">
      <Filter>Headers</Filter>
    </ClInclude>
    <ClInclude Include="AntCommand.h">
      <Filter>Headers</Filter>
    </ClInclude>
    <ClInclude Include="VirtualMachine.h">
      <Filter>Headers</Filter>
    </ClInclude>
    <ClInclude Include="memory.h">
      <Filter>Headers</Filter>
    </ClInclude>
    <ClInclude Include="jsonhelper.h">
      <Filter>Headers</Filter>
    </ClInclude>
    <ClInclude Include="constants.h">
      <Filter>Headers</Filter>
    </ClInclude>
  </ItemGroup>
  <ItemGroup>
    <ClCompile Include="AntFabric.cpp">
      <Filter>Sources</Filter>
    </ClCompile>
    <ClCompile Include="Battle.cpp">
      <Filter>Sources</Filter>
    </ClCompile>
    <ClCompile Include="Player.cpp">
      <Filter>Sources</Filter>
    </ClCompile>
    <ClCompile Include="Map.cpp">
      <Filter>Sources</Filter>
    </ClCompile>
    <ClCompile Include="Config.cpp">
      <Filter>Sources</Filter>
    </ClCompile>
    <ClCompile Include="Cell.cpp">
      <Filter>Sources</Filter>
    </ClCompile>
    <ClCompile Include="Ant.cpp">
      <Filter>Sources</Filter>
    </ClCompile>
    <ClCompile Include="battlelog\BattleLogService.cpp">
      <Filter>Sources\BattleLog</Filter>
    </ClCompile>
    <ClCompile Include="battlelog\FileProvider.cpp">
      <Filter>Sources\BattleLog</Filter>
    </ClCompile>
    <ClCompile Include="battlelog\TextScreenProvider.cpp">
      <Filter>Sources\BattleLog</Filter>
    </ClCompile>
    <ClCompile Include="VirtualMachine.cpp">
      <Filter>Sources</Filter>
    </ClCompile>
    <ClCompile Include="MapMath.cpp">
      <Filter>Sources</Filter>
    </ClCompile>
  </ItemGroup>
</Project>